// !$*UTF8*$!
{
	archiveVersion = 1;
	classes = {
	};
	objectVersion = 50;
	objects = {

/* Begin PBXBuildFile section */
		48B1BA5C260A4E31003A573A /* PageOne.swift in Sources */ = {isa = PBXBuildFile; fileRef = 48B1BA5B260A4E31003A573A /* PageOne.swift */; };
		48B1BA61260A4E57003A573A /* PageTwo.swift in Sources */ = {isa = PBXBuildFile; fileRef = 48B1BA60260A4E57003A573A /* PageTwo.swift */; };
		48B1BA69260A4E8D003A573A /* PageThree.swift in Sources */ = {isa = PBXBuildFile; fileRef = 48B1BA68260A4E8D003A573A /* PageThree.swift */; };
		48B1BA6E260A4EA2003A573A /* DefaultPage.swift in Sources */ = {isa = PBXBuildFile; fileRef = 48B1BA6D260A4EA2003A573A /* DefaultPage.swift */; };
		48B1BA76260A4FF2003A573A /* PageZero.swift in Sources */ = {isa = PBXBuildFile; fileRef = 48B1BA75260A4FF2003A573A /* PageZero.swift */; };
		48C1AF1526091681003F48F1 /* CornerFoldingMenuApp.swift in Sources */ = {isa = PBXBuildFile; fileRef = 48C1AF1426091681003F48F1 /* CornerFoldingMenuApp.swift */; };
		48C1AF1726091681003F48F1 /* ContentView.swift in Sources */ = {isa = PBXBuildFile; fileRef = 48C1AF1626091681003F48F1 /* ContentView.swift */; };
		48C1AF1926091682003F48F1 /* Assets.xcassets in Resources */ = {isa = PBXBuildFile; fileRef = 48C1AF1826091682003F48F1 /* Assets.xcassets */; };
		48C1AF1C26091682003F48F1 /* Preview Assets.xcassets in Resources */ = {isa = PBXBuildFile; fileRef = 48C1AF1B26091682003F48F1 /* Preview Assets.xcassets */; };
		48C1AF2726091683003F48F1 /* CornerFoldingMenuTests.swift in Sources */ = {isa = PBXBuildFile; fileRef = 48C1AF2626091683003F48F1 /* CornerFoldingMenuTests.swift */; };
		48C1AF3226091683003F48F1 /* CornerFoldingMenuUITests.swift in Sources */ = {isa = PBXBuildFile; fileRef = 48C1AF3126091683003F48F1 /* CornerFoldingMenuUITests.swift */; };
		48C1AF43260916E8003F48F1 /* ViewRouter.swift in Sources */ = {isa = PBXBuildFile; fileRef = 48C1AF42260916E8003F48F1 /* ViewRouter.swift */; };
		48C1AF49260918CA003F48F1 /* MenuButtonViewModel.swift in Sources */ = {isa = PBXBuildFile; fileRef = 48C1AF48260918CA003F48F1 /* MenuButtonViewModel.swift */; };
		48C1AF4F260919D0003F48F1 /* CornerMenu.swift in Sources */ = {isa = PBXBuildFile; fileRef = 48C1AF4E260919D0003F48F1 /* CornerMenu.swift */; };
		48C1AF5426091A01003F48F1 /* MenuButton.swift in Sources */ = {isa = PBXBuildFile; fileRef = 48C1AF5326091A01003F48F1 /* MenuButton.swift */; };
/* End PBXBuildFile section */

/* Begin PBXContainerItemProxy section */
		48C1AF2326091683003F48F1 /* PBXContainerItemProxy */ = {
			isa = PBXContainerItemProxy;
			containerPortal = 48C1AF0926091681003F48F1 /* Project object */;
			proxyType = 1;
			remoteGlobalIDString = 48C1AF1026091681003F48F1;
			remoteInfo = CornerFoldingMenu;
		};
		48C1AF2E26091683003F48F1 /* PBXContainerItemProxy */ = {
			isa = PBXContainerItemProxy;
			containerPortal = 48C1AF0926091681003F48F1 /* Project object */;
			proxyType = 1;
			remoteGlobalIDString = 48C1AF1026091681003F48F1;
			remoteInfo = CornerFoldingMenu;
		};
/* End PBXContainerItemProxy section */

/* Begin PBXFileReference section */
		48B1BA5B260A4E31003A573A /* PageOne.swift */ = {isa = PBXFileReference; lastKnownFileType = sourcecode.swift; name = PageOne.swift; path = CornerFoldingMenu/View/PageOne.swift; sourceTree = SOURCE_ROOT; };
		48B1BA60260A4E57003A573A /* PageTwo.swift */ = {isa = PBXFileReference; lastKnownFileType = sourcecode.swift; path = PageTwo.swift; sourceTree = "<group>"; };
		48B1BA68260A4E8D003A573A /* PageThree.swift */ = {isa = PBXFileReference; lastKnownFileType = sourcecode.swift; path = PageThree.swift; sourceTree = "<group>"; };
		48B1BA6D260A4EA2003A573A /* DefaultPage.swift */ = {isa = PBXFileReference; lastKnownFileType = sourcecode.swift; path = DefaultPage.swift; sourceTree = "<group>"; };
		48B1BA75260A4FF2003A573A /* PageZero.swift */ = {isa = PBXFileReference; lastKnownFileType = sourcecode.swift; path = PageZero.swift; sourceTree = "<group>"; };
		48C1AF1126091681003F48F1 /* CornerFoldingMenu.app */ = {isa = PBXFileReference; explicitFileType = wrapper.application; includeInIndex = 0; path = CornerFoldingMenu.app; sourceTree = BUILT_PRODUCTS_DIR; };
		48C1AF1426091681003F48F1 /* CornerFoldingMenuApp.swift */ = {isa = PBXFileReference; lastKnownFileType = sourcecode.swift; path = CornerFoldingMenuApp.swift; sourceTree = "<group>"; };
		48C1AF1626091681003F48F1 /* ContentView.swift */ = {isa = PBXFileReference; lastKnownFileType = sourcecode.swift; path = ContentView.swift; sourceTree = "<group>"; };
		48C1AF1826091682003F48F1 /* Assets.xcassets */ = {isa = PBXFileReference; lastKnownFileType = folder.assetcatalog; path = Assets.xcassets; sourceTree = "<group>"; };
		48C1AF1B26091682003F48F1 /* Preview Assets.xcassets */ = {isa = PBXFileReference; lastKnownFileType = folder.assetcatalog; path = "Preview Assets.xcassets"; sourceTree = "<group>"; };
		48C1AF1D26091682003F48F1 /* Info.plist */ = {isa = PBXFileReference; lastKnownFileType = text.plist.xml; path = Info.plist; sourceTree = "<group>"; };
		48C1AF2226091683003F48F1 /* CornerFoldingMenuTests.xctest */ = {isa = PBXFileReference; explicitFileType = wrapper.cfbundle; includeInIndex = 0; path = CornerFoldingMenuTests.xctest; sourceTree = BUILT_PRODUCTS_DIR; };
		48C1AF2626091683003F48F1 /* CornerFoldingMenuTests.swift */ = {isa = PBXFileReference; lastKnownFileType = sourcecode.swift; path = CornerFoldingMenuTests.swift; sourceTree = "<group>"; };
		48C1AF2826091683003F48F1 /* Info.plist */ = {isa = PBXFileReference; lastKnownFileType = text.plist.xml; path = Info.plist; sourceTree = "<group>"; };
		48C1AF2D26091683003F48F1 /* CornerFoldingMenuUITests.xctest */ = {isa = PBXFileReference; explicitFileType = wrapper.cfbundle; includeInIndex = 0; path = CornerFoldingMenuUITests.xctest; sourceTree = BUILT_PRODUCTS_DIR; };
		48C1AF3126091683003F48F1 /* CornerFoldingMenuUITests.swift */ = {isa = PBXFileReference; lastKnownFileType = sourcecode.swift; path = CornerFoldingMenuUITests.swift; sourceTree = "<group>"; };
		48C1AF3326091683003F48F1 /* Info.plist */ = {isa = PBXFileReference; lastKnownFileType = text.plist.xml; path = Info.plist; sourceTree = "<group>"; };
		48C1AF42260916E8003F48F1 /* ViewRouter.swift */ = {isa = PBXFileReference; lastKnownFileType = sourcecode.swift; path = ViewRouter.swift; sourceTree = "<group>"; };
		48C1AF48260918CA003F48F1 /* MenuButtonViewModel.swift */ = {isa = PBXFileReference; lastKnownFileType = sourcecode.swift; path = MenuButtonViewModel.swift; sourceTree = "<group>"; };
		48C1AF4E260919D0003F48F1 /* CornerMenu.swift */ = {isa = PBXFileReference; lastKnownFileType = sourcecode.swift; path = CornerMenu.swift; sourceTree = "<group>"; };
		48C1AF5326091A01003F48F1 /* MenuButton.swift */ = {isa = PBXFileReference; lastKnownFileType = sourcecode.swift; path = MenuButton.swift; sourceTree = "<group>"; };
/* End PBXFileReference section */

/* Begin PBXFrameworksBuildPhase section */
		48C1AF0E26091681003F48F1 /* Frameworks */ = {
			isa = PBXFrameworksBuildPhase;
			buildActionMask = 2147483647;
			files = (
			);
			runOnlyForDeploymentPostprocessing = 0;
		};
		48C1AF1F26091683003F48F1 /* Frameworks */ = {
			isa = PBXFrameworksBuildPhase;
			buildActionMask = 2147483647;
			files = (
			);
			runOnlyForDeploymentPostprocessing = 0;
		};
		48C1AF2A26091683003F48F1 /* Frameworks */ = {
			isa = PBXFrameworksBuildPhase;
			buildActionMask = 2147483647;
			files = (
			);
			runOnlyForDeploymentPostprocessing = 0;
		};
/* End PBXFrameworksBuildPhase section */

/* Begin PBXGroup section */
		48C1AF0826091681003F48F1 = {
			isa = PBXGroup;
			children = (
				48C1AF1326091681003F48F1 /* CornerFoldingMenu */,
				48C1AF2526091683003F48F1 /* CornerFoldingMenuTests */,
				48C1AF3026091683003F48F1 /* CornerFoldingMenuUITests */,
				48C1AF1226091681003F48F1 /* Products */,
			);
			sourceTree = "<group>";
		};
		48C1AF1226091681003F48F1 /* Products */ = {
			isa = PBXGroup;
			children = (
				48C1AF1126091681003F48F1 /* CornerFoldingMenu.app */,
				48C1AF2226091683003F48F1 /* CornerFoldingMenuTests.xctest */,
				48C1AF2D26091683003F48F1 /* CornerFoldingMenuUITests.xctest */,
			);
			name = Products;
			sourceTree = "<group>";
		};
		48C1AF1326091681003F48F1 /* CornerFoldingMenu */ = {
			isa = PBXGroup;
			children = (
				48C1AF4D260919BC003F48F1 /* View */,
				48C1AF47260918B8003F48F1 /* ViewModel */,
				48C1AF1826091682003F48F1 /* Assets.xcassets */,
				48C1AF1D26091682003F48F1 /* Info.plist */,
				48C1AF1A26091682003F48F1 /* Preview Content */,
			);
			path = CornerFoldingMenu;
			sourceTree = "<group>";
		};
		48C1AF1A26091682003F48F1 /* Preview Content */ = {
			isa = PBXGroup;
			children = (
				48C1AF1B26091682003F48F1 /* Preview Assets.xcassets */,
			);
			path = "Preview Content";
			sourceTree = "<group>";
		};
		48C1AF2526091683003F48F1 /* CornerFoldingMenuTests */ = {
			isa = PBXGroup;
			children = (
				48C1AF2626091683003F48F1 /* CornerFoldingMenuTests.swift */,
				48C1AF2826091683003F48F1 /* Info.plist */,
			);
			path = CornerFoldingMenuTests;
			sourceTree = "<group>";
		};
		48C1AF3026091683003F48F1 /* CornerFoldingMenuUITests */ = {
			isa = PBXGroup;
			children = (
				48C1AF3126091683003F48F1 /* CornerFoldingMenuUITests.swift */,
				48C1AF3326091683003F48F1 /* Info.plist */,
			);
			path = CornerFoldingMenuUITests;
			sourceTree = "<group>";
		};
		48C1AF47260918B8003F48F1 /* ViewModel */ = {
			isa = PBXGroup;
			children = (
				48C1AF42260916E8003F48F1 /* ViewRouter.swift */,
				48C1AF48260918CA003F48F1 /* MenuButtonViewModel.swift */,
			);
			path = ViewModel;
			sourceTree = "<group>";
		};
		48C1AF4D260919BC003F48F1 /* View */ = {
			isa = PBXGroup;
			children = (
				48C1AF1426091681003F48F1 /* CornerFoldingMenuApp.swift */,
				48C1AF1626091681003F48F1 /* ContentView.swift */,
				48C1AF4E260919D0003F48F1 /* CornerMenu.swift */,
				48C1AF5326091A01003F48F1 /* MenuButton.swift */,
				48B1BA5B260A4E31003A573A /* PageOne.swift */,
				48B1BA75260A4FF2003A573A /* PageZero.swift */,
				48B1BA60260A4E57003A573A /* PageTwo.swift */,
				48B1BA6D260A4EA2003A573A /* DefaultPage.swift */,
				48B1BA68260A4E8D003A573A /* PageThree.swift */,
			);
			path = View;
			sourceTree = "<group>";
		};
/* End PBXGroup section */

/* Begin PBXNativeTarget section */
		48C1AF1026091681003F48F1 /* CornerFoldingMenu */ = {
			isa = PBXNativeTarget;
			buildConfigurationList = 48C1AF3626091683003F48F1 /* Build configuration list for PBXNativeTarget "CornerFoldingMenu" */;
			buildPhases = (
				48C1AF0D26091681003F48F1 /* Sources */,
				48C1AF0E26091681003F48F1 /* Frameworks */,
				48C1AF0F26091681003F48F1 /* Resources */,
			);
			buildRules = (
			);
			dependencies = (
			);
			name = CornerFoldingMenu;
			productName = CornerFoldingMenu;
			productReference = 48C1AF1126091681003F48F1 /* CornerFoldingMenu.app */;
			productType = "com.apple.product-type.application";
		};
		48C1AF2126091683003F48F1 /* CornerFoldingMenuTests */ = {
			isa = PBXNativeTarget;
			buildConfigurationList = 48C1AF3926091683003F48F1 /* Build configuration list for PBXNativeTarget "CornerFoldingMenuTests" */;
			buildPhases = (
				48C1AF1E26091683003F48F1 /* Sources */,
				48C1AF1F26091683003F48F1 /* Frameworks */,
				48C1AF2026091683003F48F1 /* Resources */,
			);
			buildRules = (
			);
			dependencies = (
				48C1AF2426091683003F48F1 /* PBXTargetDependency */,
			);
			name = CornerFoldingMenuTests;
			productName = CornerFoldingMenuTests;
			productReference = 48C1AF2226091683003F48F1 /* CornerFoldingMenuTests.xctest */;
			productType = "com.apple.product-type.bundle.unit-test";
		};
		48C1AF2C26091683003F48F1 /* CornerFoldingMenuUITests */ = {
			isa = PBXNativeTarget;
			buildConfigurationList = 48C1AF3C26091683003F48F1 /* Build configuration list for PBXNativeTarget "CornerFoldingMenuUITests" */;
			buildPhases = (
				48C1AF2926091683003F48F1 /* Sources */,
				48C1AF2A26091683003F48F1 /* Frameworks */,
				48C1AF2B26091683003F48F1 /* Resources */,
			);
			buildRules = (
			);
			dependencies = (
				48C1AF2F26091683003F48F1 /* PBXTargetDependency */,
			);
			name = CornerFoldingMenuUITests;
			productName = CornerFoldingMenuUITests;
			productReference = 48C1AF2D26091683003F48F1 /* CornerFoldingMenuUITests.xctest */;
			productType = "com.apple.product-type.bundle.ui-testing";
		};
/* End PBXNativeTarget section */

/* Begin PBXProject section */
		48C1AF0926091681003F48F1 /* Project object */ = {
			isa = PBXProject;
			attributes = {
				LastSwiftUpdateCheck = 1240;
				LastUpgradeCheck = 1240;
				TargetAttributes = {
					48C1AF1026091681003F48F1 = {
						CreatedOnToolsVersion = 12.4;
					};
					48C1AF2126091683003F48F1 = {
						CreatedOnToolsVersion = 12.4;
						TestTargetID = 48C1AF1026091681003F48F1;
					};
					48C1AF2C26091683003F48F1 = {
						CreatedOnToolsVersion = 12.4;
						TestTargetID = 48C1AF1026091681003F48F1;
					};
				};
			};
			buildConfigurationList = 48C1AF0C26091681003F48F1 /* Build configuration list for PBXProject "CornerFoldingMenu" */;
			compatibilityVersion = "Xcode 9.3";
			developmentRegion = en;
			hasScannedForEncodings = 0;
			knownRegions = (
				en,
				Base,
			);
			mainGroup = 48C1AF0826091681003F48F1;
			productRefGroup = 48C1AF1226091681003F48F1 /* Products */;
			projectDirPath = "";
			projectRoot = "";
			targets = (
				48C1AF1026091681003F48F1 /* CornerFoldingMenu */,
				48C1AF2126091683003F48F1 /* CornerFoldingMenuTests */,
				48C1AF2C26091683003F48F1 /* CornerFoldingMenuUITests */,
			);
		};
/* End PBXProject section */

/* Begin PBXResourcesBuildPhase section */
		48C1AF0F26091681003F48F1 /* Resources */ = {
			isa = PBXResourcesBuildPhase;
			buildActionMask = 2147483647;
			files = (
				48C1AF1C26091682003F48F1 /* Preview Assets.xcassets in Resources */,
				48C1AF1926091682003F48F1 /* Assets.xcassets in Resources */,
			);
			runOnlyForDeploymentPostprocessing = 0;
		};
		48C1AF2026091683003F48F1 /* Resources */ = {
			isa = PBXResourcesBuildPhase;
			buildActionMask = 2147483647;
			files = (
			);
			runOnlyForDeploymentPostprocessing = 0;
		};
		48C1AF2B26091683003F48F1 /* Resources */ = {
			isa = PBXResourcesBuildPhase;
			buildActionMask = 2147483647;
			files = (
			);
			runOnlyForDeploymentPostprocessing = 0;
		};
/* End PBXResourcesBuildPhase section */

/* Begin PBXSourcesBuildPhase section */
		48C1AF0D26091681003F48F1 /* Sources */ = {
			isa = PBXSourcesBuildPhase;
			buildActionMask = 2147483647;
			files = (
				48C1AF43260916E8003F48F1 /* ViewRouter.swift in Sources */,
				48C1AF49260918CA003F48F1 /* MenuButtonViewModel.swift in Sources */,
				48B1BA69260A4E8D003A573A /* PageThree.swift in Sources */,
				48C1AF5426091A01003F48F1 /* MenuButton.swift in Sources */,
				48C1AF1726091681003F48F1 /* ContentView.swift in Sources */,
				48B1BA76260A4FF2003A573A /* PageZero.swift in Sources */,
				48C1AF4F260919D0003F48F1 /* CornerMenu.swift in Sources */,
				48C1AF1526091681003F48F1 /* CornerFoldingMenuApp.swift in Sources */,
				48B1BA5C260A4E31003A573A /* PageOne.swift in Sources */,
				48B1BA6E260A4EA2003A573A /* DefaultPage.swift in Sources */,
				48B1BA61260A4E57003A573A /* PageTwo.swift in Sources */,
			);
			runOnlyForDeploymentPostprocessing = 0;
		};
		48C1AF1E26091683003F48F1 /* Sources */ = {
			isa = PBXSourcesBuildPhase;
			buildActionMask = 2147483647;
			files = (
				48C1AF2726091683003F48F1 /* CornerFoldingMenuTests.swift in Sources */,
			);
			runOnlyForDeploymentPostprocessing = 0;
		};
		48C1AF2926091683003F48F1 /* Sources */ = {
			isa = PBXSourcesBuildPhase;
			buildActionMask = 2147483647;
			files = (
				48C1AF3226091683003F48F1 /* CornerFoldingMenuUITests.swift in Sources */,
			);
			runOnlyForDeploymentPostprocessing = 0;
		};
/* End PBXSourcesBuildPhase section */

/* Begin PBXTargetDependency section */
		48C1AF2426091683003F48F1 /* PBXTargetDependency */ = {
			isa = PBXTargetDependency;
			target = 48C1AF1026091681003F48F1 /* CornerFoldingMenu */;
			targetProxy = 48C1AF2326091683003F48F1 /* PBXContainerItemProxy */;
		};
		48C1AF2F26091683003F48F1 /* PBXTargetDependency */ = {
			isa = PBXTargetDependency;
			target = 48C1AF1026091681003F48F1 /* CornerFoldingMenu */;
			targetProxy = 48C1AF2E26091683003F48F1 /* PBXContainerItemProxy */;
		};
/* End PBXTargetDependency section */

/* Begin XCBuildConfiguration section */
		48C1AF3426091683003F48F1 /* Debug */ = {
			isa = XCBuildConfiguration;
			buildSettings = {
				ALWAYS_SEARCH_USER_PATHS = NO;
				CLANG_ANALYZER_NONNULL = YES;
				CLANG_ANALYZER_NUMBER_OBJECT_CONVERSION = YES_AGGRESSIVE;
				CLANG_CXX_LANGUAGE_STANDARD = "gnu++14";
				CLANG_CXX_LIBRARY = "libc++";
				CLANG_ENABLE_MODULES = YES;
				CLANG_ENABLE_OBJC_ARC = YES;
				CLANG_ENABLE_OBJC_WEAK = YES;
				CLANG_WARN_BLOCK_CAPTURE_AUTORELEASING = YES;
				CLANG_WARN_BOOL_CONVERSION = YES;
				CLANG_WARN_COMMA = YES;
				CLANG_WARN_CONSTANT_CONVERSION = YES;
				CLANG_WARN_DEPRECATED_OBJC_IMPLEMENTATIONS = YES;
				CLANG_WARN_DIRECT_OBJC_ISA_USAGE = YES_ERROR;
				CLANG_WARN_DOCUMENTATION_COMMENTS = YES;
				CLANG_WARN_EMPTY_BODY = YES;
				CLANG_WARN_ENUM_CONVERSION = YES;
				CLANG_WARN_INFINITE_RECURSION = YES;
				CLANG_WARN_INT_CONVERSION = YES;
				CLANG_WARN_NON_LITERAL_NULL_CONVERSION = YES;
				CLANG_WARN_OBJC_IMPLICIT_RETAIN_SELF = YES;
				CLANG_WARN_OBJC_LITERAL_CONVERSION = YES;
				CLANG_WARN_OBJC_ROOT_CLASS = YES_ERROR;
				CLANG_WARN_QUOTED_INCLUDE_IN_FRAMEWORK_HEADER = YES;
				CLANG_WARN_RANGE_LOOP_ANALYSIS = YES;
				CLANG_WARN_STRICT_PROTOTYPES = YES;
				CLANG_WARN_SUSPICIOUS_MOVE = YES;
				CLANG_WARN_UNGUARDED_AVAILABILITY = YES_AGGRESSIVE;
				CLANG_WARN_UNREACHABLE_CODE = YES;
				CLANG_WARN__DUPLICATE_METHOD_MATCH = YES;
				COPY_PHASE_STRIP = NO;
				DEBUG_INFORMATION_FORMAT = dwarf;
				ENABLE_STRICT_OBJC_MSGSEND = YES;
				ENABLE_TESTABILITY = YES;
				GCC_C_LANGUAGE_STANDARD = gnu11;
				GCC_DYNAMIC_NO_PIC = NO;
				GCC_NO_COMMON_BLOCKS = YES;
				GCC_OPTIMIZATION_LEVEL = 0;
				GCC_PREPROCESSOR_DEFINITIONS = (
					"DEBUG=1",
					"$(inherited)",
				);
				GCC_WARN_64_TO_32_BIT_CONVERSION = YES;
				GCC_WARN_ABOUT_RETURN_TYPE = YES_ERROR;
				GCC_WARN_UNDECLARED_SELECTOR = YES;
				GCC_WARN_UNINITIALIZED_AUTOS = YES_AGGRESSIVE;
				GCC_WARN_UNUSED_FUNCTION = YES;
				GCC_WARN_UNUSED_VARIABLE = YES;
				IPHONEOS_DEPLOYMENT_TARGET = 14.4;
				MTL_ENABLE_DEBUG_INFO = INCLUDE_SOURCE;
				MTL_FAST_MATH = YES;
				ONLY_ACTIVE_ARCH = YES;
				SDKROOT = iphoneos;
				SWIFT_ACTIVE_COMPILATION_CONDITIONS = DEBUG;
				SWIFT_OPTIMIZATION_LEVEL = "-Onone";
			};
			name = Debug;
		};
		48C1AF3526091683003F48F1 /* Release */ = {
			isa = XCBuildConfiguration;
			buildSettings = {
				ALWAYS_SEARCH_USER_PATHS = NO;
				CLANG_ANALYZER_NONNULL = YES;
				CLANG_ANALYZER_NUMBER_OBJECT_CONVERSION = YES_AGGRESSIVE;
				CLANG_CXX_LANGUAGE_STANDARD = "gnu++14";
				CLANG_CXX_LIBRARY = "libc++";
				CLANG_ENABLE_MODULES = YES;
				CLANG_ENABLE_OBJC_ARC = YES;
				CLANG_ENABLE_OBJC_WEAK = YES;
				CLANG_WARN_BLOCK_CAPTURE_AUTORELEASING = YES;
				CLANG_WARN_BOOL_CONVERSION = YES;
				CLANG_WARN_COMMA = YES;
				CLANG_WARN_CONSTANT_CONVERSION = YES;
				CLANG_WARN_DEPRECATED_OBJC_IMPLEMENTATIONS = YES;
				CLANG_WARN_DIRECT_OBJC_ISA_USAGE = YES_ERROR;
				CLANG_WARN_DOCUMENTATION_COMMENTS = YES;
				CLANG_WARN_EMPTY_BODY = YES;
				CLANG_WARN_ENUM_CONVERSION = YES;
				CLANG_WARN_INFINITE_RECURSION = YES;
				CLANG_WARN_INT_CONVERSION = YES;
				CLANG_WARN_NON_LITERAL_NULL_CONVERSION = YES;
				CLANG_WARN_OBJC_IMPLICIT_RETAIN_SELF = YES;
				CLANG_WARN_OBJC_LITERAL_CONVERSION = YES;
				CLANG_WARN_OBJC_ROOT_CLASS = YES_ERROR;
				CLANG_WARN_QUOTED_INCLUDE_IN_FRAMEWORK_HEADER = YES;
				CLANG_WARN_RANGE_LOOP_ANALYSIS = YES;
				CLANG_WARN_STRICT_PROTOTYPES = YES;
				CLANG_WARN_SUSPICIOUS_MOVE = YES;
				CLANG_WARN_UNGUARDED_AVAILABILITY = YES_AGGRESSIVE;
				CLANG_WARN_UNREACHABLE_CODE = YES;
				CLANG_WARN__DUPLICATE_METHOD_MATCH = YES;
				COPY_PHASE_STRIP = NO;
				DEBUG_INFORMATION_FORMAT = "dwarf-with-dsym";
				ENABLE_NS_ASSERTIONS = NO;
				ENABLE_STRICT_OBJC_MSGSEND = YES;
				GCC_C_LANGUAGE_STANDARD = gnu11;
				GCC_NO_COMMON_BLOCKS = YES;
				GCC_WARN_64_TO_32_BIT_CONVERSION = YES;
				GCC_WARN_ABOUT_RETURN_TYPE = YES_ERROR;
				GCC_WARN_UNDECLARED_SELECTOR = YES;
				GCC_WARN_UNINITIALIZED_AUTOS = YES_AGGRESSIVE;
				GCC_WARN_UNUSED_FUNCTION = YES;
				GCC_WARN_UNUSED_VARIABLE = YES;
				IPHONEOS_DEPLOYMENT_TARGET = 14.4;
				MTL_ENABLE_DEBUG_INFO = NO;
				MTL_FAST_MATH = YES;
				SDKROOT = iphoneos;
				SWIFT_COMPILATION_MODE = wholemodule;
				SWIFT_OPTIMIZATION_LEVEL = "-O";
				VALIDATE_PRODUCT = YES;
			};
			name = Release;
		};
		48C1AF3726091683003F48F1 /* Debug */ = {
			isa = XCBuildConfiguration;
			buildSettings = {
				ASSETCATALOG_COMPILER_APPICON_NAME = AppIcon;
				ASSETCATALOG_COMPILER_GLOBAL_ACCENT_COLOR_NAME = AccentColor;
				CODE_SIGN_STYLE = Automatic;
				DEVELOPMENT_ASSET_PATHS = "\"CornerFoldingMenu/Preview Content\"";
				DEVELOPMENT_TEAM = 8SJL86S8V5;
				ENABLE_PREVIEWS = YES;
				INFOPLIST_FILE = CornerFoldingMenu/Info.plist;
				IPHONEOS_DEPLOYMENT_TARGET = 14.0;
				LD_RUNPATH_SEARCH_PATHS = (
					"$(inherited)",
					"@executable_path/Frameworks",
				);
				PRODUCT_BUNDLE_IDENTIFIER = brigettevaldez.CornerFoldingMenu;
				PRODUCT_NAME = "$(TARGET_NAME)";
				SWIFT_VERSION = 5.0;
				TARGETED_DEVICE_FAMILY = "1,2";
			};
			name = Debug;
		};
		48C1AF3826091683003F48F1 /* Release */ = {
			isa = XCBuildConfiguration;
			buildSettings = {
				ASSETCATALOG_COMPILER_APPICON_NAME = AppIcon;
				ASSETCATALOG_COMPILER_GLOBAL_ACCENT_COLOR_NAME = AccentColor;
				CODE_SIGN_STYLE = Automatic;
				DEVELOPMENT_ASSET_PATHS = "\"CornerFoldingMenu/Preview Content\"";
				DEVELOPMENT_TEAM = 8SJL86S8V5;
				ENABLE_PREVIEWS = YES;
				INFOPLIST_FILE = CornerFoldingMenu/Info.plist;
				IPHONEOS_DEPLOYMENT_TARGET = 14.0;
				LD_RUNPATH_SEARCH_PATHS = (
					"$(inherited)",
					"@executable_path/Frameworks",
				);
				PRODUCT_BUNDLE_IDENTIFIER = brigettevaldez.CornerFoldingMenu;
				PRODUCT_NAME = "$(TARGET_NAME)";
				SWIFT_VERSION = 5.0;
				TARGETED_DEVICE_FAMILY = "1,2";
			};
			name = Release;
		};
		48C1AF3A26091683003F48F1 /* Debug */ = {
			isa = XCBuildConfiguration;
			buildSettings = {
				ALWAYS_EMBED_SWIFT_STANDARD_LIBRARIES = YES;
				BUNDLE_LOADER = "$(TEST_HOST)";
				CODE_SIGN_STYLE = Automatic;
				DEVELOPMENT_TEAM = 8SJL86S8V5;
				INFOPLIST_FILE = CornerFoldingMenuTests/Info.plist;
				IPHONEOS_DEPLOYMENT_TARGET = 14.0;
				LD_RUNPATH_SEARCH_PATHS = (
					"$(inherited)",
					"@executable_path/Frameworks",
					"@loader_path/Frameworks",
				);
				PRODUCT_BUNDLE_IDENTIFIER = brigettevaldez.CornerFoldingMenuTests;
				PRODUCT_NAME = "$(TARGET_NAME)";
				SWIFT_VERSION = 5.0;
				TARGETED_DEVICE_FAMILY = "1,2";
				TEST_HOST = "$(BUILT_PRODUCTS_DIR)/CornerFoldingMenu.app/CornerFoldingMenu";
			};
			name = Debug;
		};
		48C1AF3B26091683003F48F1 /* Release */ = {
			isa = XCBuildConfiguration;
			buildSettings = {
				ALWAYS_EMBED_SWIFT_STANDARD_LIBRARIES = YES;
				BUNDLE_LOADER = "$(TEST_HOST)";
				CODE_SIGN_STYLE = Automatic;
				DEVELOPMENT_TEAM = 8SJL86S8V5;
				INFOPLIST_FILE = CornerFoldingMenuTests/Info.plist;
				IPHONEOS_DEPLOYMENT_TARGET = 14.0;
				LD_RUNPATH_SEARCH_PATHS = (
					"$(inherited)",
					"@executable_path/Frameworks",
					"@loader_path/Frameworks",
				);
				PRODUCT_BUNDLE_IDENTIFIER = brigettevaldez.CornerFoldingMenuTests;
				PRODUCT_NAME = "$(TARGET_NAME)";
				SWIFT_VERSION = 5.0;
				TARGETED_DEVICE_FAMILY = "1,2";
				TEST_HOST = "$(BUILT_PRODUCTS_DIR)/CornerFoldingMenu.app/CornerFoldingMenu";
			};
			name = Release;
		};
		48C1AF3D26091683003F48F1 /* Debug */ = {
			isa = XCBuildConfiguration;
			buildSettings = {
				ALWAYS_EMBED_SWIFT_STANDARD_LIBRARIES = YES;
				CODE_SIGN_STYLE = Automatic;
				DEVELOPMENT_TEAM = 8SJL86S8V5;
				INFOPLIST_FILE = CornerFoldingMenuUITests/Info.plist;
				LD_RUNPATH_SEARCH_PATHS = (
					"$(inherited)",
					"@executable_path/Frameworks",
					"@loader_path/Frameworks",
				);
				PRODUCT_BUNDLE_IDENTIFIER = brigettevaldez.CornerFoldingMenuUITests;
				PRODUCT_NAME = "$(TARGET_NAME)";
				SWIFT_VERSION = 5.0;
				TARGETED_DEVICE_FAMILY = "1,2";
				TEST_TARGET_NAME = CornerFoldingMenu;
			};
			name = Debug;
		};
		48C1AF3E26091683003F48F1 /* Release */ = {
			isa = XCBuildConfiguration;
			buildSettings = {
				ALWAYS_EMBED_SWIFT_STANDARD_LIBRARIES = YES;
				CODE_SIGN_STYLE = Automatic;
				DEVELOPMENT_TEAM = 8SJL86S8V5;
				INFOPLIST_FILE = CornerFoldingMenuUITests/Info.plist;
				LD_RUNPATH_SEARCH_PATHS = (
					"$(inherited)",
					"@executable_path/Frameworks",
					"@loader_path/Frameworks",
				);
				PRODUCT_BUNDLE_IDENTIFIER = brigettevaldez.CornerFoldingMenuUITests;
				PRODUCT_NAME = "$(TARGET_NAME)";
				SWIFT_VERSION = 5.0;
				TARGETED_DEVICE_FAMILY = "1,2";
				TEST_TARGET_NAME = CornerFoldingMenu;
			};
			name = Release;
		};
/* End XCBuildConfiguration section */

/* Begin XCConfigurationList section */
		48C1AF0C26091681003F48F1 /* Build configuration list for PBXProject "CornerFoldingMenu" */ = {
			isa = XCConfigurationList;
			buildConfigurations = (
				48C1AF3426091683003F48F1 /* Debug */,
				48C1AF3526091683003F48F1 /* Release */,
			);
			defaultConfigurationIsVisible = 0;
			defaultConfigurationName = Release;
		};
		48C1AF3626091683003F48F1 /* Build configuration list for PBXNativeTarget "CornerFoldingMenu" */ = {
			isa = XCConfigurationList;
			buildConfigurations = (
				48C1AF3726091683003F48F1 /* Debug */,
				48C1AF3826091683003F48F1 /* Release */,
			);
			defaultConfigurationIsVisible = 0;
			defaultConfigurationName = Release;
		};
		48C1AF3926091683003F48F1 /* Build configuration list for PBXNativeTarget "CornerFoldingMenuTests" */ = {
			isa = XCConfigurationList;
			buildConfigurations = (
				48C1AF3A26091683003F48F1 /* Debug */,
				48C1AF3B26091683003F48F1 /* Release */,
			);
			defaultConfigurationIsVisible = 0;
			defaultConfigurationName = Release;
		};
		48C1AF3C26091683003F48F1 /* Build configuration list for PBXNativeTarget "CornerFoldingMenuUITests" */ = {
			isa = XCConfigurationList;
			buildConfigurations = (
				48C1AF3D26091683003F48F1 /* Debug */,
				48C1AF3E26091683003F48F1 /* Release */,
			);
			defaultConfigurationIsVisible = 0;
			defaultConfigurationName = Release;
		};
/* End XCConfigurationList section */
	};
	rootObject = 48C1AF0926091681003F48F1 /* Project object */;
}
